
Microsoft Visual Studio Solution File, Format Version 12.00
# Visual Studio Version 17
VisualStudioVersion = 17.0.32112.339
MinimumVisualStudioVersion = 10.0.40219.1
Project("{9A19103F-16F7-4668-BE54-9A1E7A4F7556}") = "Nml.Improve.Me", "Nml.Improve.Me.csproj", "{E3C04639-BA3C-4E26-AE6A-BF535DD61B30}"
EndProject
Project("{2150E333-8FDC-42A3-9474-1A3956D46DE8}") = "Solution Items", "Solution Items", "{3B863400-1DAE-4DB5-8700-6B0C38B39559}"
	ProjectSection(SolutionItems) = preProject
		.editorconfig = .editorconfig
	EndProjectSection
EndProject
Global
	GlobalSection(SolutionConfigurationPlatforms) = preSolution
		Debug|Any CPU = Debug|Any CPU
		Release|Any CPU = Release|Any CPU
	EndGlobalSection
	GlobalSection(ProjectConfigurationPlatforms) = postSolution
		{E3C04639-BA3C-4E26-AE6A-BF535DD61B30}.Debug|Any CPU.ActiveCfg = Debug|Any CPU
		{E3C04639-BA3C-4E26-AE6A-BF535DD61B30}.Debug|Any CPU.Build.0 = Debug|Any CPU
		{E3C04639-BA3C-4E26-AE6A-BF535DD61B30}.Release|Any CPU.ActiveCfg = Release|Any CPU
		{E3C04639-BA3C-4E26-AE6A-BF535DD61B30}.Release|Any CPU.Build.0 = Release|Any CPU
	EndGlobalSection
	GlobalSection(SolutionProperties) = preSolution
		HideSolutionNode = FALSE
	EndGlobalSection
	GlobalSection(ExtensibilityGlobals) = postSolution
		SolutionGuid = {A7257D4E-9A4E-4726-B074-A25DE39A7B02}
	EndGlobalSection
EndGlobal
